
Microsoft Visual Studio Solution File, Format Version 12.00
# Visual Studio Version 16
VisualStudioVersion = 16.0.29905.134
MinimumVisualStudioVersion = 10.0.40219.1
Project("{FAE04EC0-301F-11D3-BF4B-00C04F79EFBC}") = "TILER2", "TILER2.csproj", "{B0FD5DE0-7D05-47EB-AED5-7F532B40B723}"
EndProject
Global
	GlobalSection(SolutionConfigurationPlatforms) = preSolution
		Debug|Any CPU = Debug|Any CPU
		Release|Any CPU = Release|Any CPU
	EndGlobalSection
	GlobalSection(ProjectConfigurationPlatforms) = postSolution
		{B0FD5DE0-7D05-47EB-AED5-7F532B40B723}.Debug|Any CPU.ActiveCfg = Debug|Any CPU
		{B0FD5DE0-7D05-47EB-AED5-7F532B40B723}.Debug|Any CPU.Build.0 = Debug|Any CPU
		{B0FD5DE0-7D05-47EB-AED5-7F532B40B723}.Release|Any CPU.ActiveCfg = Release|Any CPU
		{B0FD5DE0-7D05-47EB-AED5-7F532B40B723}.Release|Any CPU.Build.0 = Release|Any CPU
	EndGlobalSection
	GlobalSection(SolutionProperties) = preSolution
		HideSolutionNode = FALSE
	EndGlobalSection
	GlobalSection(ExtensibilityGlobals) = postSolution
		SolutionGuid = {7DCAB935-DB55-499E-8938-4622300C0BA4}
	EndGlobalSection
EndGlobal
